
Microsoft Visual Studio Solution File, Format Version 12.00
# Visual Studio Version 17
VisualStudioVersion = 17.2.32516.85
MinimumVisualStudioVersion = 10.0.40219.1
Project("{FAE04EC0-301F-11D3-BF4B-00C04F79EFBC}") = "FuryKMS", "FuryKMS.csproj", "{6B24452B-6462-4334-A623-0B1E2F573F3C}"
EndProject
Global
	GlobalSection(SolutionConfigurationPlatforms) = preSolution
		Debug|Any CPU = Debug|Any CPU
		Release|Any CPU = Release|Any CPU
	EndGlobalSection
	GlobalSection(ProjectConfigurationPlatforms) = postSolution
		{6B24452B-6462-4334-A623-0B1E2F573F3C}.Debug|Any CPU.ActiveCfg = Debug|Any CPU
		{6B24452B-6462-4334-A623-0B1E2F573F3C}.Debug|Any CPU.Build.0 = Debug|Any CPU
		{6B24452B-6462-4334-A623-0B1E2F573F3C}.Release|Any CPU.ActiveCfg = Release|Any CPU
		{6B24452B-6462-4334-A623-0B1E2F573F3C}.Release|Any CPU.Build.0 = Release|Any CPU
	EndGlobalSection
	GlobalSection(SolutionProperties) = preSolution
		HideSolutionNode = FALSE
	EndGlobalSection
	GlobalSection(ExtensibilityGlobals) = postSolution
		SolutionGuid = {5699203C-D009-435D-98A0-E8FBB1526C9B}
	EndGlobalSection
EndGlobal
